
Microsoft Visual Studio Solution File, Format Version 12.00
# Visual Studio Version 17
VisualStudioVersion = 17.13.35931.197
MinimumVisualStudioVersion = 10.0.40219.1
Project("{2150E333-8FDC-42A3-9474-1A3956D46DE8}") = "1 - Host", "1 - Host", "{02EA681E-C7D8-13C7-8484-4AC65E1B71E8}"
EndProject
Project("{2150E333-8FDC-42A3-9474-1A3956D46DE8}") = "2 - Application", "2 - Application", "{13091281-FD66-408C-95D8-42E1CEF14BBA}"
EndProject
Project("{2150E333-8FDC-42A3-9474-1A3956D46DE8}") = "3 - Domain", "3 - Domain", "{93379E82-7AD0-4FD2-9F26-9630F00E56CF}"
EndProject
Project("{2150E333-8FDC-42A3-9474-1A3956D46DE8}") = "4 - Infrastructure", "4 - Infrastructure", "{2588EF25-8C62-48FB-B957-79CE9898D210}"
EndProject
Project("{FAE04EC0-301F-11D3-BF4B-00C04F79EFBC}") = "Device.API", "Device.API\Device.API.csproj", "{9839C8CD-0B55-4294-9BAA-E6DE4275E362}"
EndProject
Project("{2150E333-8FDC-42A3-9474-1A3956D46DE8}") = "5 - Test", "5 - Test", "{55AFD0B6-DD46-4F2A-806F-9A12F5C50665}"
EndProject
Project("{FAE04EC0-301F-11D3-BF4B-00C04F79EFBC}") = "Device.API.Test", "Device.API.Test\Device.API.Test.csproj", "{A7612604-695B-402B-8733-3B842355A877}"
EndProject
Project("{2150E333-8FDC-42A3-9474-1A3956D46DE8}") = "2 - Models", "2 - Models", "{D79C1418-586A-43FE-80B9-37A70677BF41}"
EndProject
Project("{2150E333-8FDC-42A3-9474-1A3956D46DE8}") = "3 - Service", "3 - Service", "{CD101231-D69D-4C09-BD77-A4E70F2D5A23}"
EndProject
Project("{2150E333-8FDC-42A3-9474-1A3956D46DE8}") = "1 - Data", "1 - Data", "{C08E4FDD-3AA3-4AE4-9DBE-64CAB7325385}"
EndProject
Project("{FAE04EC0-301F-11D3-BF4B-00C04F79EFBC}") = "Device.API.Infrastructure.Data", "Device.API.Infrastructure.Data\Device.API.Infrastructure.Data.csproj", "{882CEF9B-E440-4733-8CB2-A4EE5F9CB7CB}"
EndProject
Project("{FAE04EC0-301F-11D3-BF4B-00C04F79EFBC}") = "Device.API.Domain.Models", "Device.API.Domain.Models\Device.API.Domain.Models.csproj", "{4D8884D6-77A2-486B-A3FF-1193EDD1A68E}"
EndProject
Project("{2150E333-8FDC-42A3-9474-1A3956D46DE8}") = "2 - Depedency Injection", "2 - Depedency Injection", "{15BA2279-553D-45A7-9BCA-5054F54FD81F}"
EndProject
Project("{FAE04EC0-301F-11D3-BF4B-00C04F79EFBC}") = "Device.API.Infrastructure.DI", "Device.API.Infrastructure.DI\Device.API.Infrastructure.DI.csproj", "{7A7B1D8D-C85A-424D-96FF-3502305B1CFE}"
EndProject
Project("{2150E333-8FDC-42A3-9474-1A3956D46DE8}") = "1 - Contracts", "1 - Contracts", "{4872C966-3192-43B2-A151-66057CECAD8D}"
EndProject
Project("{2150E333-8FDC-42A3-9474-1A3956D46DE8}") = "1 - Messages", "1 - Messages", "{E097CE35-FEBF-4287-8476-5DCC3798BEA4}"
EndProject
Project("{2150E333-8FDC-42A3-9474-1A3956D46DE8}") = "2 - Service", "2 - Service", "{73A787B3-7B91-4F75-A15A-392A8ED8CC96}"
EndProject
Project("{FAE04EC0-301F-11D3-BF4B-00C04F79EFBC}") = "Device.API.Application.Service", "Device.API.Application.Service\Device.API.Application.Service.csproj", "{B3AA983F-B26F-43AE-9055-0DE60EB2CCB0}"
EndProject
Project("{FAE04EC0-301F-11D3-BF4B-00C04F79EFBC}") = "Device.API.Application.Message", "Device.API.Application.Message\Device.API.Application.Message.csproj", "{E8F185CD-08DB-4D57-87AC-66AF3FB6DC35}"
EndProject
Project("{FAE04EC0-301F-11D3-BF4B-00C04F79EFBC}") = "Device.API.Domain.Service", "Device.API.Domain.Service\Device.API.Domain.Service.csproj", "{165BB2FE-7A51-46F9-8282-4A1733124BF6}"
EndProject
Project("{FAE04EC0-301F-11D3-BF4B-00C04F79EFBC}") = "Device.API.Domain.Contracts", "Device.API.Domain.Contracts\Device.API.Domain.Contracts.csproj", "{7367748D-8132-493B-A2FC-F0623BD97B1B}"
EndProject
Project("{2150E333-8FDC-42A3-9474-1A3956D46DE8}") = "3 - Utils", "3 - Utils", "{EFF47AD8-D41E-43F0-8B84-8D373A5399A6}"
EndProject
Project("{FAE04EC0-301F-11D3-BF4B-00C04F79EFBC}") = "Device.API.Infrastructure.Utils", "Device.API.Infrastructure.Utils\Device.API.Infrastructure.Utils.csproj", "{AC601B50-538D-40D6-BACD-E18CC9DD2A53}"
EndProject
Project("{2150E333-8FDC-42A3-9474-1A3956D46DE8}") = "4 - Logging", "4 - Logging", "{9211F5C1-1359-454D-8F45-CC04B74717F9}"
EndProject
Project("{FAE04EC0-301F-11D3-BF4B-00C04F79EFBC}") = "Device.API.Infrastructure.Logging", "Device.API.Infrastructure.Logging\Device.API.Infrastructure.Logging.csproj", "{15C4C079-ECCD-46E5-A0B2-FE4D18DB3A14}"
EndProject
Global
	GlobalSection(SolutionConfigurationPlatforms) = preSolution
		Debug|Any CPU = Debug|Any CPU
		Release|Any CPU = Release|Any CPU
	EndGlobalSection
	GlobalSection(ProjectConfigurationPlatforms) = postSolution
		{9839C8CD-0B55-4294-9BAA-E6DE4275E362}.Debug|Any CPU.ActiveCfg = Debug|Any CPU
		{9839C8CD-0B55-4294-9BAA-E6DE4275E362}.Debug|Any CPU.Build.0 = Debug|Any CPU
		{9839C8CD-0B55-4294-9BAA-E6DE4275E362}.Release|Any CPU.ActiveCfg = Release|Any CPU
		{9839C8CD-0B55-4294-9BAA-E6DE4275E362}.Release|Any CPU.Build.0 = Release|Any CPU
		{A7612604-695B-402B-8733-3B842355A877}.Debug|Any CPU.ActiveCfg = Debug|Any CPU
		{A7612604-695B-402B-8733-3B842355A877}.Debug|Any CPU.Build.0 = Debug|Any CPU
		{A7612604-695B-402B-8733-3B842355A877}.Release|Any CPU.ActiveCfg = Release|Any CPU
		{A7612604-695B-402B-8733-3B842355A877}.Release|Any CPU.Build.0 = Release|Any CPU
		{882CEF9B-E440-4733-8CB2-A4EE5F9CB7CB}.Debug|Any CPU.ActiveCfg = Debug|Any CPU
		{882CEF9B-E440-4733-8CB2-A4EE5F9CB7CB}.Debug|Any CPU.Build.0 = Debug|Any CPU
		{882CEF9B-E440-4733-8CB2-A4EE5F9CB7CB}.Release|Any CPU.ActiveCfg = Release|Any CPU
		{882CEF9B-E440-4733-8CB2-A4EE5F9CB7CB}.Release|Any CPU.Build.0 = Release|Any CPU
		{4D8884D6-77A2-486B-A3FF-1193EDD1A68E}.Debug|Any CPU.ActiveCfg = Debug|Any CPU
		{4D8884D6-77A2-486B-A3FF-1193EDD1A68E}.Debug|Any CPU.Build.0 = Debug|Any CPU
		{4D8884D6-77A2-486B-A3FF-1193EDD1A68E}.Release|Any CPU.ActiveCfg = Release|Any CPU
		{4D8884D6-77A2-486B-A3FF-1193EDD1A68E}.Release|Any CPU.Build.0 = Release|Any CPU
		{7A7B1D8D-C85A-424D-96FF-3502305B1CFE}.Debug|Any CPU.ActiveCfg = Debug|Any CPU
		{7A7B1D8D-C85A-424D-96FF-3502305B1CFE}.Debug|Any CPU.Build.0 = Debug|Any CPU
		{7A7B1D8D-C85A-424D-96FF-3502305B1CFE}.Release|Any CPU.ActiveCfg = Release|Any CPU
		{7A7B1D8D-C85A-424D-96FF-3502305B1CFE}.Release|Any CPU.Build.0 = Release|Any CPU
		{B3AA983F-B26F-43AE-9055-0DE60EB2CCB0}.Debug|Any CPU.ActiveCfg = Debug|Any CPU
		{B3AA983F-B26F-43AE-9055-0DE60EB2CCB0}.Debug|Any CPU.Build.0 = Debug|Any CPU
		{B3AA983F-B26F-43AE-9055-0DE60EB2CCB0}.Release|Any CPU.ActiveCfg = Release|Any CPU
		{B3AA983F-B26F-43AE-9055-0DE60EB2CCB0}.Release|Any CPU.Build.0 = Release|Any CPU
		{E8F185CD-08DB-4D57-87AC-66AF3FB6DC35}.Debug|Any CPU.ActiveCfg = Debug|Any CPU
		{E8F185CD-08DB-4D57-87AC-66AF3FB6DC35}.Debug|Any CPU.Build.0 = Debug|Any CPU
		{E8F185CD-08DB-4D57-87AC-66AF3FB6DC35}.Release|Any CPU.ActiveCfg = Release|Any CPU
		{E8F185CD-08DB-4D57-87AC-66AF3FB6DC35}.Release|Any CPU.Build.0 = Release|Any CPU
		{165BB2FE-7A51-46F9-8282-4A1733124BF6}.Debug|Any CPU.ActiveCfg = Debug|Any CPU
		{165BB2FE-7A51-46F9-8282-4A1733124BF6}.Debug|Any CPU.Build.0 = Debug|Any CPU
		{165BB2FE-7A51-46F9-8282-4A1733124BF6}.Release|Any CPU.ActiveCfg = Release|Any CPU
		{165BB2FE-7A51-46F9-8282-4A1733124BF6}.Release|Any CPU.Build.0 = Release|Any CPU
		{7367748D-8132-493B-A2FC-F0623BD97B1B}.Debug|Any CPU.ActiveCfg = Debug|Any CPU
		{7367748D-8132-493B-A2FC-F0623BD97B1B}.Debug|Any CPU.Build.0 = Debug|Any CPU
		{7367748D-8132-493B-A2FC-F0623BD97B1B}.Release|Any CPU.ActiveCfg = Release|Any CPU
		{7367748D-8132-493B-A2FC-F0623BD97B1B}.Release|Any CPU.Build.0 = Release|Any CPU
		{AC601B50-538D-40D6-BACD-E18CC9DD2A53}.Debug|Any CPU.ActiveCfg = Debug|Any CPU
		{AC601B50-538D-40D6-BACD-E18CC9DD2A53}.Debug|Any CPU.Build.0 = Debug|Any CPU
		{AC601B50-538D-40D6-BACD-E18CC9DD2A53}.Release|Any CPU.ActiveCfg = Release|Any CPU
		{AC601B50-538D-40D6-BACD-E18CC9DD2A53}.Release|Any CPU.Build.0 = Release|Any CPU
		{15C4C079-ECCD-46E5-A0B2-FE4D18DB3A14}.Debug|Any CPU.ActiveCfg = Debug|Any CPU
		{15C4C079-ECCD-46E5-A0B2-FE4D18DB3A14}.Debug|Any CPU.Build.0 = Debug|Any CPU
		{15C4C079-ECCD-46E5-A0B2-FE4D18DB3A14}.Release|Any CPU.ActiveCfg = Release|Any CPU
		{15C4C079-ECCD-46E5-A0B2-FE4D18DB3A14}.Release|Any CPU.Build.0 = Release|Any CPU
	EndGlobalSection
	GlobalSection(SolutionProperties) = preSolution
		HideSolutionNode = FALSE
	EndGlobalSection
	GlobalSection(NestedProjects) = preSolution
		{9839C8CD-0B55-4294-9BAA-E6DE4275E362} = {02EA681E-C7D8-13C7-8484-4AC65E1B71E8}
		{A7612604-695B-402B-8733-3B842355A877} = {55AFD0B6-DD46-4F2A-806F-9A12F5C50665}
		{D79C1418-586A-43FE-80B9-37A70677BF41} = {93379E82-7AD0-4FD2-9F26-9630F00E56CF}
		{CD101231-D69D-4C09-BD77-A4E70F2D5A23} = {93379E82-7AD0-4FD2-9F26-9630F00E56CF}
		{C08E4FDD-3AA3-4AE4-9DBE-64CAB7325385} = {2588EF25-8C62-48FB-B957-79CE9898D210}
		{882CEF9B-E440-4733-8CB2-A4EE5F9CB7CB} = {C08E4FDD-3AA3-4AE4-9DBE-64CAB7325385}
		{4D8884D6-77A2-486B-A3FF-1193EDD1A68E} = {D79C1418-586A-43FE-80B9-37A70677BF41}
		{15BA2279-553D-45A7-9BCA-5054F54FD81F} = {2588EF25-8C62-48FB-B957-79CE9898D210}
		{7A7B1D8D-C85A-424D-96FF-3502305B1CFE} = {15BA2279-553D-45A7-9BCA-5054F54FD81F}
		{4872C966-3192-43B2-A151-66057CECAD8D} = {93379E82-7AD0-4FD2-9F26-9630F00E56CF}
		{E097CE35-FEBF-4287-8476-5DCC3798BEA4} = {13091281-FD66-408C-95D8-42E1CEF14BBA}
		{73A787B3-7B91-4F75-A15A-392A8ED8CC96} = {13091281-FD66-408C-95D8-42E1CEF14BBA}
		{B3AA983F-B26F-43AE-9055-0DE60EB2CCB0} = {73A787B3-7B91-4F75-A15A-392A8ED8CC96}
		{E8F185CD-08DB-4D57-87AC-66AF3FB6DC35} = {E097CE35-FEBF-4287-8476-5DCC3798BEA4}
		{165BB2FE-7A51-46F9-8282-4A1733124BF6} = {CD101231-D69D-4C09-BD77-A4E70F2D5A23}
		{7367748D-8132-493B-A2FC-F0623BD97B1B} = {4872C966-3192-43B2-A151-66057CECAD8D}
		{EFF47AD8-D41E-43F0-8B84-8D373A5399A6} = {2588EF25-8C62-48FB-B957-79CE9898D210}
		{AC601B50-538D-40D6-BACD-E18CC9DD2A53} = {EFF47AD8-D41E-43F0-8B84-8D373A5399A6}
		{9211F5C1-1359-454D-8F45-CC04B74717F9} = {2588EF25-8C62-48FB-B957-79CE9898D210}
		{15C4C079-ECCD-46E5-A0B2-FE4D18DB3A14} = {9211F5C1-1359-454D-8F45-CC04B74717F9}
	EndGlobalSection
	GlobalSection(ExtensibilityGlobals) = postSolution
		SolutionGuid = {BCE9D82C-95FB-4212-BE12-3D4A92ED85C2}
	EndGlobalSection
EndGlobal
